
Microsoft Visual Studio Solution File, Format Version 12.00
# Visual Studio Version 16
VisualStudioVersion = 16.0.30907.101
MinimumVisualStudioVersion = 10.0.40219.1
Project("{FAE04EC0-301F-11D3-BF4B-00C04F79EFBC}") = "interfaces", "interfaces\interfaces.csproj", "{A11B609A-2D96-46E1-B262-86EF48417957}"
EndProject
Global
	GlobalSection(SolutionConfigurationPlatforms) = preSolution
		Debug|Any CPU = Debug|Any CPU
		Release|Any CPU = Release|Any CPU
	EndGlobalSection
	GlobalSection(ProjectConfigurationPlatforms) = postSolution
		{A11B609A-2D96-46E1-B262-86EF48417957}.Debug|Any CPU.ActiveCfg = Debug|Any CPU
		{A11B609A-2D96-46E1-B262-86EF48417957}.Debug|Any CPU.Build.0 = Debug|Any CPU
		{A11B609A-2D96-46E1-B262-86EF48417957}.Release|Any CPU.ActiveCfg = Release|Any CPU
		{A11B609A-2D96-46E1-B262-86EF48417957}.Release|Any CPU.Build.0 = Release|Any CPU
	EndGlobalSection
	GlobalSection(SolutionProperties) = preSolution
		HideSolutionNode = FALSE
	EndGlobalSection
	GlobalSection(ExtensibilityGlobals) = postSolution
		SolutionGuid = {7F65B9E6-E700-4733-9B6D-0ADF6CD813CA}
	EndGlobalSection
EndGlobal
